// !$*UTF8*$!
{
	archiveVersion = 1;
	classes = {
	};
	objectVersion = 56;
	objects = {

/* Begin PBXBuildFile section */
		B07CF7282C771AF6003B1107 /* ToDoPlanerApp.swift in Sources */ = {isa = PBXBuildFile; fileRef = B07CF7272C771AF6003B1107 /* ToDoPlanerApp.swift */; };
		B07CF72A2C771AF6003B1107 /* TasksListView.swift in Sources */ = {isa = PBXBuildFile; fileRef = B07CF7292C771AF6003B1107 /* TasksListView.swift */; };
		B07CF72C2C771AF7003B1107 /* Assets.xcassets in Resources */ = {isa = PBXBuildFile; fileRef = B07CF72B2C771AF7003B1107 /* Assets.xcassets */; };
		B07CF72F2C771AF7003B1107 /* Preview Assets.xcassets in Resources */ = {isa = PBXBuildFile; fileRef = B07CF72E2C771AF7003B1107 /* Preview Assets.xcassets */; };
		B07CF7372C772636003B1107 /* ToDoPlaner.xcdatamodeld in Sources */ = {isa = PBXBuildFile; fileRef = B07CF7352C772636003B1107 /* ToDoPlaner.xcdatamodeld */; };
		B07CF7422C772948003B1107 /* PersistenceController.swift in Sources */ = {isa = PBXBuildFile; fileRef = B07CF7412C772948003B1107 /* PersistenceController.swift */; };
		B07CF7442C773B06003B1107 /* TasksListViewModel.swift in Sources */ = {isa = PBXBuildFile; fileRef = B07CF7432C773B06003B1107 /* TasksListViewModel.swift */; };
		B07CF7482C7741C6003B1107 /* TaskRowView.swift in Sources */ = {isa = PBXBuildFile; fileRef = B07CF7472C7741C6003B1107 /* TaskRowView.swift */; };
		B07CF74A2C774376003B1107 /* PreviewHelper.swift in Sources */ = {isa = PBXBuildFile; fileRef = B07CF7492C774376003B1107 /* PreviewHelper.swift */; };
		B07CF74D2C77492C003B1107 /* TaskItem+CoreDataClass.swift in Sources */ = {isa = PBXBuildFile; fileRef = B07CF74B2C77492C003B1107 /* TaskItem+CoreDataClass.swift */; };
		B07CF74E2C77492C003B1107 /* TaskItem+CoreDataProperties.swift in Sources */ = {isa = PBXBuildFile; fileRef = B07CF74C2C77492C003B1107 /* TaskItem+CoreDataProperties.swift */; };
		B07CF7502C776344003B1107 /* TaskStatusView.swift in Sources */ = {isa = PBXBuildFile; fileRef = B07CF74F2C776344003B1107 /* TaskStatusView.swift */; };
		B07CF7522C776D09003B1107 /* TaskItem+Extensions.swift in Sources */ = {isa = PBXBuildFile; fileRef = B07CF7512C776D09003B1107 /* TaskItem+Extensions.swift */; };
		B07CF7542C776E91003B1107 /* Utils.swift in Sources */ = {isa = PBXBuildFile; fileRef = B07CF7532C776E91003B1107 /* Utils.swift */; };
		B0AC8AAC2C7CB8EF005C00B0 /* ToDoPlanerTests.swift in Sources */ = {isa = PBXBuildFile; fileRef = B0AC8AAB2C7CB8EF005C00B0 /* ToDoPlanerTests.swift */; };
		B0AC8AB32C7CB91A005C00B0 /* ToDoTaskDataTest.swift in Sources */ = {isa = PBXBuildFile; fileRef = B0AC8AB22C7CB91A005C00B0 /* ToDoTaskDataTest.swift */; };
		B0AC8AB52C7CBB80005C00B0 /* TestContstants.swift in Sources */ = {isa = PBXBuildFile; fileRef = B0AC8AB42C7CBB80005C00B0 /* TestContstants.swift */; };
/* End PBXBuildFile section */

/* Begin PBXContainerItemProxy section */
		B0AC8AAD2C7CB8EF005C00B0 /* PBXContainerItemProxy */ = {
			isa = PBXContainerItemProxy;
			containerPortal = B07CF71C2C771AF6003B1107 /* Project object */;
			proxyType = 1;
			remoteGlobalIDString = B07CF7232C771AF6003B1107;
			remoteInfo = ToDoPlaner;
		};
/* End PBXContainerItemProxy section */

/* Begin PBXFileReference section */
		B07CF7242C771AF6003B1107 /* ToDoPlaner.app */ = {isa = PBXFileReference; explicitFileType = wrapper.application; includeInIndex = 0; path = ToDoPlaner.app; sourceTree = BUILT_PRODUCTS_DIR; };
		B07CF7272C771AF6003B1107 /* ToDoPlanerApp.swift */ = {isa = PBXFileReference; lastKnownFileType = sourcecode.swift; path = ToDoPlanerApp.swift; sourceTree = "<group>"; };
		B07CF7292C771AF6003B1107 /* TasksListView.swift */ = {isa = PBXFileReference; lastKnownFileType = sourcecode.swift; path = TasksListView.swift; sourceTree = "<group>"; };
		B07CF72B2C771AF7003B1107 /* Assets.xcassets */ = {isa = PBXFileReference; lastKnownFileType = folder.assetcatalog; path = Assets.xcassets; sourceTree = "<group>"; };
		B07CF72E2C771AF7003B1107 /* Preview Assets.xcassets */ = {isa = PBXFileReference; lastKnownFileType = folder.assetcatalog; path = "Preview Assets.xcassets"; sourceTree = "<group>"; };
		B07CF7362C772636003B1107 /* ToDoPlaner.xcdatamodel */ = {isa = PBXFileReference; lastKnownFileType = wrapper.xcdatamodel; path = ToDoPlaner.xcdatamodel; sourceTree = "<group>"; };
		B07CF7412C772948003B1107 /* PersistenceController.swift */ = {isa = PBXFileReference; lastKnownFileType = sourcecode.swift; path = PersistenceController.swift; sourceTree = "<group>"; };
		B07CF7432C773B06003B1107 /* TasksListViewModel.swift */ = {isa = PBXFileReference; lastKnownFileType = sourcecode.swift; path = TasksListViewModel.swift; sourceTree = "<group>"; };
		B07CF7472C7741C6003B1107 /* TaskRowView.swift */ = {isa = PBXFileReference; lastKnownFileType = sourcecode.swift; path = TaskRowView.swift; sourceTree = "<group>"; };
		B07CF7492C774376003B1107 /* PreviewHelper.swift */ = {isa = PBXFileReference; lastKnownFileType = sourcecode.swift; path = PreviewHelper.swift; sourceTree = "<group>"; };
		B07CF74B2C77492C003B1107 /* TaskItem+CoreDataClass.swift */ = {isa = PBXFileReference; lastKnownFileType = sourcecode.swift; path = "TaskItem+CoreDataClass.swift"; sourceTree = "<group>"; };
		B07CF74C2C77492C003B1107 /* TaskItem+CoreDataProperties.swift */ = {isa = PBXFileReference; lastKnownFileType = sourcecode.swift; path = "TaskItem+CoreDataProperties.swift"; sourceTree = "<group>"; };
		B07CF74F2C776344003B1107 /* TaskStatusView.swift */ = {isa = PBXFileReference; lastKnownFileType = sourcecode.swift; path = TaskStatusView.swift; sourceTree = "<group>"; };
		B07CF7512C776D09003B1107 /* TaskItem+Extensions.swift */ = {isa = PBXFileReference; lastKnownFileType = sourcecode.swift; path = "TaskItem+Extensions.swift"; sourceTree = "<group>"; };
		B07CF7532C776E91003B1107 /* Utils.swift */ = {isa = PBXFileReference; lastKnownFileType = sourcecode.swift; path = Utils.swift; sourceTree = "<group>"; };
		B0AC8AA92C7CB8EF005C00B0 /* ToDoPlanerTests.xctest */ = {isa = PBXFileReference; explicitFileType = wrapper.cfbundle; includeInIndex = 0; path = ToDoPlanerTests.xctest; sourceTree = BUILT_PRODUCTS_DIR; };
		B0AC8AAB2C7CB8EF005C00B0 /* ToDoPlanerTests.swift */ = {isa = PBXFileReference; lastKnownFileType = sourcecode.swift; path = ToDoPlanerTests.swift; sourceTree = "<group>"; };
		B0AC8AB22C7CB91A005C00B0 /* ToDoTaskDataTest.swift */ = {isa = PBXFileReference; lastKnownFileType = sourcecode.swift; path = ToDoTaskDataTest.swift; sourceTree = "<group>"; };
		B0AC8AB42C7CBB80005C00B0 /* TestContstants.swift */ = {isa = PBXFileReference; lastKnownFileType = sourcecode.swift; path = TestContstants.swift; sourceTree = "<group>"; };
/* End PBXFileReference section */

/* Begin PBXFrameworksBuildPhase section */
		B07CF7212C771AF6003B1107 /* Frameworks */ = {
			isa = PBXFrameworksBuildPhase;
			buildActionMask = 2147483647;
			files = (
			);
			runOnlyForDeploymentPostprocessing = 0;
		};
		B0AC8AA62C7CB8EF005C00B0 /* Frameworks */ = {
			isa = PBXFrameworksBuildPhase;
			buildActionMask = 2147483647;
			files = (
			);
			runOnlyForDeploymentPostprocessing = 0;
		};
/* End PBXFrameworksBuildPhase section */

/* Begin PBXGroup section */
		B07CF71B2C771AF6003B1107 = {
			isa = PBXGroup;
			children = (
				B07CF7262C771AF6003B1107 /* ToDoPlaner */,
				B0AC8AAA2C7CB8EF005C00B0 /* ToDoPlanerTests */,
				B07CF7252C771AF6003B1107 /* Products */,
			);
			sourceTree = "<group>";
		};
		B07CF7252C771AF6003B1107 /* Products */ = {
			isa = PBXGroup;
			children = (
				B07CF7242C771AF6003B1107 /* ToDoPlaner.app */,
				B0AC8AA92C7CB8EF005C00B0 /* ToDoPlanerTests.xctest */,
			);
			name = Products;
			sourceTree = "<group>";
		};
		B07CF7262C771AF6003B1107 /* ToDoPlaner */ = {
			isa = PBXGroup;
			children = (
				B07CF7462C773CCF003B1107 /* View */,
				B07CF73E2C7727A8003B1107 /* Model */,
				B07CF7452C773B0E003B1107 /* ViewModel */,
				B07CF7272C771AF6003B1107 /* ToDoPlanerApp.swift */,
				B07CF72B2C771AF7003B1107 /* Assets.xcassets */,
				B07CF72D2C771AF7003B1107 /* Preview Content */,
				B07CF7352C772636003B1107 /* ToDoPlaner.xcdatamodeld */,
				B07CF7412C772948003B1107 /* PersistenceController.swift */,
				B07CF7492C774376003B1107 /* PreviewHelper.swift */,
				B07CF7532C776E91003B1107 /* Utils.swift */,
			);
			path = ToDoPlaner;
			sourceTree = "<group>";
		};
		B07CF72D2C771AF7003B1107 /* Preview Content */ = {
			isa = PBXGroup;
			children = (
				B07CF72E2C771AF7003B1107 /* Preview Assets.xcassets */,
			);
			path = "Preview Content";
			sourceTree = "<group>";
		};
		B07CF73E2C7727A8003B1107 /* Model */ = {
			isa = PBXGroup;
			children = (
				B07CF74B2C77492C003B1107 /* TaskItem+CoreDataClass.swift */,
				B07CF74C2C77492C003B1107 /* TaskItem+CoreDataProperties.swift */,
				B07CF7512C776D09003B1107 /* TaskItem+Extensions.swift */,
			);
			path = Model;
			sourceTree = "<group>";
		};
		B07CF7452C773B0E003B1107 /* ViewModel */ = {
			isa = PBXGroup;
			children = (
				B07CF7432C773B06003B1107 /* TasksListViewModel.swift */,
			);
			path = ViewModel;
			sourceTree = "<group>";
		};
		B07CF7462C773CCF003B1107 /* View */ = {
			isa = PBXGroup;
			children = (
				B07CF7292C771AF6003B1107 /* TasksListView.swift */,
				B07CF7472C7741C6003B1107 /* TaskRowView.swift */,
				B07CF74F2C776344003B1107 /* TaskStatusView.swift */,
			);
			path = View;
			sourceTree = "<group>";
		};
		B0AC8AAA2C7CB8EF005C00B0 /* ToDoPlanerTests */ = {
			isa = PBXGroup;
			children = (
				B0AC8AAB2C7CB8EF005C00B0 /* ToDoPlanerTests.swift */,
				B0AC8AB22C7CB91A005C00B0 /* ToDoTaskDataTest.swift */,
				B0AC8AB42C7CBB80005C00B0 /* TestContstants.swift */,
			);
			path = ToDoPlanerTests;
			sourceTree = "<group>";
		};
/* End PBXGroup section */

/* Begin PBXNativeTarget section */
		B07CF7232C771AF6003B1107 /* ToDoPlaner */ = {
			isa = PBXNativeTarget;
			buildConfigurationList = B07CF7322C771AF7003B1107 /* Build configuration list for PBXNativeTarget "ToDoPlaner" */;
			buildPhases = (
				B07CF7202C771AF6003B1107 /* Sources */,
				B07CF7212C771AF6003B1107 /* Frameworks */,
				B07CF7222C771AF6003B1107 /* Resources */,
			);
			buildRules = (
			);
			dependencies = (
			);
			name = ToDoPlaner;
			productName = ToDoPlaner;
			productReference = B07CF7242C771AF6003B1107 /* ToDoPlaner.app */;
			productType = "com.apple.product-type.application";
		};
		B0AC8AA82C7CB8EF005C00B0 /* ToDoPlanerTests */ = {
			isa = PBXNativeTarget;
			buildConfigurationList = B0AC8AB12C7CB8EF005C00B0 /* Build configuration list for PBXNativeTarget "ToDoPlanerTests" */;
			buildPhases = (
				B0AC8AA52C7CB8EF005C00B0 /* Sources */,
				B0AC8AA62C7CB8EF005C00B0 /* Frameworks */,
				B0AC8AA72C7CB8EF005C00B0 /* Resources */,
			);
			buildRules = (
			);
			dependencies = (
				B0AC8AAE2C7CB8EF005C00B0 /* PBXTargetDependency */,
			);
			name = ToDoPlanerTests;
			productName = ToDoPlanerTests;
			productReference = B0AC8AA92C7CB8EF005C00B0 /* ToDoPlanerTests.xctest */;
			productType = "com.apple.product-type.bundle.unit-test";
		};
/* End PBXNativeTarget section */

/* Begin PBXProject section */
		B07CF71C2C771AF6003B1107 /* Project object */ = {
			isa = PBXProject;
			attributes = {
				BuildIndependentTargetsInParallel = 1;
				LastSwiftUpdateCheck = 1540;
				LastUpgradeCheck = 1540;
				TargetAttributes = {
					B07CF7232C771AF6003B1107 = {
						CreatedOnToolsVersion = 15.4;
					};
					B0AC8AA82C7CB8EF005C00B0 = {
						CreatedOnToolsVersion = 15.4;
						TestTargetID = B07CF7232C771AF6003B1107;
					};
				};
			};
			buildConfigurationList = B07CF71F2C771AF6003B1107 /* Build configuration list for PBXProject "ToDoPlaner" */;
			compatibilityVersion = "Xcode 14.0";
			developmentRegion = en;
			hasScannedForEncodings = 0;
			knownRegions = (
				en,
				Base,
			);
			mainGroup = B07CF71B2C771AF6003B1107;
			productRefGroup = B07CF7252C771AF6003B1107 /* Products */;
			projectDirPath = "";
			projectRoot = "";
			targets = (
				B07CF7232C771AF6003B1107 /* ToDoPlaner */,
				B0AC8AA82C7CB8EF005C00B0 /* ToDoPlanerTests */,
			);
		};
/* End PBXProject section */

/* Begin PBXResourcesBuildPhase section */
		B07CF7222C771AF6003B1107 /* Resources */ = {
			isa = PBXResourcesBuildPhase;
			buildActionMask = 2147483647;
			files = (
				B07CF72F2C771AF7003B1107 /* Preview Assets.xcassets in Resources */,
				B07CF72C2C771AF7003B1107 /* Assets.xcassets in Resources */,
			);
			runOnlyForDeploymentPostprocessing = 0;
		};
		B0AC8AA72C7CB8EF005C00B0 /* Resources */ = {
			isa = PBXResourcesBuildPhase;
			buildActionMask = 2147483647;
			files = (
			);
			runOnlyForDeploymentPostprocessing = 0;
		};
/* End PBXResourcesBuildPhase section */

/* Begin PBXSourcesBuildPhase section */
		B07CF7202C771AF6003B1107 /* Sources */ = {
			isa = PBXSourcesBuildPhase;
			buildActionMask = 2147483647;
			files = (
				B07CF7422C772948003B1107 /* PersistenceController.swift in Sources */,
				B07CF7482C7741C6003B1107 /* TaskRowView.swift in Sources */,
				B07CF7372C772636003B1107 /* ToDoPlaner.xcdatamodeld in Sources */,
				B07CF72A2C771AF6003B1107 /* TasksListView.swift in Sources */,
				B07CF74D2C77492C003B1107 /* TaskItem+CoreDataClass.swift in Sources */,
				B07CF74E2C77492C003B1107 /* TaskItem+CoreDataProperties.swift in Sources */,
				B07CF7522C776D09003B1107 /* TaskItem+Extensions.swift in Sources */,
				B07CF74A2C774376003B1107 /* PreviewHelper.swift in Sources */,
				B07CF7502C776344003B1107 /* TaskStatusView.swift in Sources */,
				B07CF7442C773B06003B1107 /* TasksListViewModel.swift in Sources */,
				B07CF7282C771AF6003B1107 /* ToDoPlanerApp.swift in Sources */,
				B07CF7542C776E91003B1107 /* Utils.swift in Sources */,
			);
			runOnlyForDeploymentPostprocessing = 0;
		};
		B0AC8AA52C7CB8EF005C00B0 /* Sources */ = {
			isa = PBXSourcesBuildPhase;
			buildActionMask = 2147483647;
			files = (
				B0AC8AB32C7CB91A005C00B0 /* ToDoTaskDataTest.swift in Sources */,
				B0AC8AB52C7CBB80005C00B0 /* TestContstants.swift in Sources */,
				B0AC8AAC2C7CB8EF005C00B0 /* ToDoPlanerTests.swift in Sources */,
			);
			runOnlyForDeploymentPostprocessing = 0;
		};
/* End PBXSourcesBuildPhase section */

/* Begin PBXTargetDependency section */
		B0AC8AAE2C7CB8EF005C00B0 /* PBXTargetDependency */ = {
			isa = PBXTargetDependency;
			target = B07CF7232C771AF6003B1107 /* ToDoPlaner */;
			targetProxy = B0AC8AAD2C7CB8EF005C00B0 /* PBXContainerItemProxy */;
		};
/* End PBXTargetDependency section */

/* Begin XCBuildConfiguration section */
		B07CF7302C771AF7003B1107 /* Debug */ = {
			isa = XCBuildConfiguration;
			buildSettings = {
				ALWAYS_SEARCH_USER_PATHS = NO;
				ASSETCATALOG_COMPILER_GENERATE_SWIFT_ASSET_SYMBOL_EXTENSIONS = YES;
				CLANG_ANALYZER_NONNULL = YES;
				CLANG_ANALYZER_NUMBER_OBJECT_CONVERSION = YES_AGGRESSIVE;
				CLANG_CXX_LANGUAGE_STANDARD = "gnu++20";
				CLANG_ENABLE_MODULES = YES;
				CLANG_ENABLE_OBJC_ARC = YES;
				CLANG_ENABLE_OBJC_WEAK = YES;
				CLANG_WARN_BLOCK_CAPTURE_AUTORELEASING = YES;
				CLANG_WARN_BOOL_CONVERSION = YES;
				CLANG_WARN_COMMA = YES;
				CLANG_WARN_CONSTANT_CONVERSION = YES;
				CLANG_WARN_DEPRECATED_OBJC_IMPLEMENTATIONS = YES;
				CLANG_WARN_DIRECT_OBJC_ISA_USAGE = YES_ERROR;
				CLANG_WARN_DOCUMENTATION_COMMENTS = YES;
				CLANG_WARN_EMPTY_BODY = YES;
				CLANG_WARN_ENUM_CONVERSION = YES;
				CLANG_WARN_INFINITE_RECURSION = YES;
				CLANG_WARN_INT_CONVERSION = YES;
				CLANG_WARN_NON_LITERAL_NULL_CONVERSION = YES;
				CLANG_WARN_OBJC_IMPLICIT_RETAIN_SELF = YES;
				CLANG_WARN_OBJC_LITERAL_CONVERSION = YES;
				CLANG_WARN_OBJC_ROOT_CLASS = YES_ERROR;
				CLANG_WARN_QUOTED_INCLUDE_IN_FRAMEWORK_HEADER = YES;
				CLANG_WARN_RANGE_LOOP_ANALYSIS = YES;
				CLANG_WARN_STRICT_PROTOTYPES = YES;
				CLANG_WARN_SUSPICIOUS_MOVE = YES;
				CLANG_WARN_UNGUARDED_AVAILABILITY = YES_AGGRESSIVE;
				CLANG_WARN_UNREACHABLE_CODE = YES;
				CLANG_WARN__DUPLICATE_METHOD_MATCH = YES;
				COPY_PHASE_STRIP = NO;
				DEBUG_INFORMATION_FORMAT = dwarf;
				ENABLE_STRICT_OBJC_MSGSEND = YES;
				ENABLE_TESTABILITY = YES;
				ENABLE_USER_SCRIPT_SANDBOXING = YES;
				GCC_C_LANGUAGE_STANDARD = gnu17;
				GCC_DYNAMIC_NO_PIC = NO;
				GCC_NO_COMMON_BLOCKS = YES;
				GCC_OPTIMIZATION_LEVEL = 0;
				GCC_PREPROCESSOR_DEFINITIONS = (
					"DEBUG=1",
					"$(inherited)",
				);
				GCC_WARN_64_TO_32_BIT_CONVERSION = YES;
				GCC_WARN_ABOUT_RETURN_TYPE = YES_ERROR;
				GCC_WARN_UNDECLARED_SELECTOR = YES;
				GCC_WARN_UNINITIALIZED_AUTOS = YES_AGGRESSIVE;
				GCC_WARN_UNUSED_FUNCTION = YES;
				GCC_WARN_UNUSED_VARIABLE = YES;
				IPHONEOS_DEPLOYMENT_TARGET = 17.5;
				LOCALIZATION_PREFERS_STRING_CATALOGS = YES;
				MTL_ENABLE_DEBUG_INFO = INCLUDE_SOURCE;
				MTL_FAST_MATH = YES;
				ONLY_ACTIVE_ARCH = YES;
				SDKROOT = iphoneos;
				SWIFT_ACTIVE_COMPILATION_CONDITIONS = "DEBUG $(inherited)";
				SWIFT_OPTIMIZATION_LEVEL = "-Onone";
			};
			name = Debug;
		};
		B07CF7312C771AF7003B1107 /* Release */ = {
			isa = XCBuildConfiguration;
			buildSettings = {
				ALWAYS_SEARCH_USER_PATHS = NO;
				ASSETCATALOG_COMPILER_GENERATE_SWIFT_ASSET_SYMBOL_EXTENSIONS = YES;
				CLANG_ANALYZER_NONNULL = YES;
				CLANG_ANALYZER_NUMBER_OBJECT_CONVERSION = YES_AGGRESSIVE;
				CLANG_CXX_LANGUAGE_STANDARD = "gnu++20";
				CLANG_ENABLE_MODULES = YES;
				CLANG_ENABLE_OBJC_ARC = YES;
				CLANG_ENABLE_OBJC_WEAK = YES;
				CLANG_WARN_BLOCK_CAPTURE_AUTORELEASING = YES;
				CLANG_WARN_BOOL_CONVERSION = YES;
				CLANG_WARN_COMMA = YES;
				CLANG_WARN_CONSTANT_CONVERSION = YES;
				CLANG_WARN_DEPRECATED_OBJC_IMPLEMENTATIONS = YES;
				CLANG_WARN_DIRECT_OBJC_ISA_USAGE = YES_ERROR;
				CLANG_WARN_DOCUMENTATION_COMMENTS = YES;
				CLANG_WARN_EMPTY_BODY = YES;
				CLANG_WARN_ENUM_CONVERSION = YES;
				CLANG_WARN_INFINITE_RECURSION = YES;
				CLANG_WARN_INT_CONVERSION = YES;
				CLANG_WARN_NON_LITERAL_NULL_CONVERSION = YES;
				CLANG_WARN_OBJC_IMPLICIT_RETAIN_SELF = YES;
				CLANG_WARN_OBJC_LITERAL_CONVERSION = YES;
				CLANG_WARN_OBJC_ROOT_CLASS = YES_ERROR;
				CLANG_WARN_QUOTED_INCLUDE_IN_FRAMEWORK_HEADER = YES;
				CLANG_WARN_RANGE_LOOP_ANALYSIS = YES;
				CLANG_WARN_STRICT_PROTOTYPES = YES;
				CLANG_WARN_SUSPICIOUS_MOVE = YES;
				CLANG_WARN_UNGUARDED_AVAILABILITY = YES_AGGRESSIVE;
				CLANG_WARN_UNREACHABLE_CODE = YES;
				CLANG_WARN__DUPLICATE_METHOD_MATCH = YES;
				COPY_PHASE_STRIP = NO;
				DEBUG_INFORMATION_FORMAT = "dwarf-with-dsym";
				ENABLE_NS_ASSERTIONS = NO;
				ENABLE_STRICT_OBJC_MSGSEND = YES;
				ENABLE_USER_SCRIPT_SANDBOXING = YES;
				GCC_C_LANGUAGE_STANDARD = gnu17;
				GCC_NO_COMMON_BLOCKS = YES;
				GCC_WARN_64_TO_32_BIT_CONVERSION = YES;
				GCC_WARN_ABOUT_RETURN_TYPE = YES_ERROR;
				GCC_WARN_UNDECLARED_SELECTOR = YES;
				GCC_WARN_UNINITIALIZED_AUTOS = YES_AGGRESSIVE;
				GCC_WARN_UNUSED_FUNCTION = YES;
				GCC_WARN_UNUSED_VARIABLE = YES;
				IPHONEOS_DEPLOYMENT_TARGET = 17.5;
				LOCALIZATION_PREFERS_STRING_CATALOGS = YES;
				MTL_ENABLE_DEBUG_INFO = NO;
				MTL_FAST_MATH = YES;
				SDKROOT = iphoneos;
				SWIFT_COMPILATION_MODE = wholemodule;
				VALIDATE_PRODUCT = YES;
			};
			name = Release;
		};
		B07CF7332C771AF7003B1107 /* Debug */ = {
			isa = XCBuildConfiguration;
			buildSettings = {
				ASSETCATALOG_COMPILER_APPICON_NAME = AppIcon;
				ASSETCATALOG_COMPILER_GLOBAL_ACCENT_COLOR_NAME = AccentColor;
				CODE_SIGN_STYLE = Automatic;
				CURRENT_PROJECT_VERSION = 1;
				DEVELOPMENT_ASSET_PATHS = "\"ToDoPlaner/Preview Content\"";
				DEVELOPMENT_TEAM = 826QJPL4YZ;
				ENABLE_PREVIEWS = YES;
				GENERATE_INFOPLIST_FILE = YES;
				INFOPLIST_KEY_UIApplicationSceneManifest_Generation = YES;
				INFOPLIST_KEY_UIApplicationSupportsIndirectInputEvents = YES;
				INFOPLIST_KEY_UILaunchScreen_Generation = YES;
				INFOPLIST_KEY_UISupportedInterfaceOrientations_iPad = "UIInterfaceOrientationPortrait UIInterfaceOrientationPortraitUpsideDown UIInterfaceOrientationLandscapeLeft UIInterfaceOrientationLandscapeRight";
				INFOPLIST_KEY_UISupportedInterfaceOrientations_iPhone = "UIInterfaceOrientationPortrait UIInterfaceOrientationLandscapeLeft UIInterfaceOrientationLandscapeRight";
				LD_RUNPATH_SEARCH_PATHS = (
					"$(inherited)",
					"@executable_path/Frameworks",
				);
				MARKETING_VERSION = 1.0;
				PRODUCT_BUNDLE_IDENTIFIER = com.pavel.martynenkov.ToDoPlaner;
				PRODUCT_NAME = "$(TARGET_NAME)";
				SWIFT_EMIT_LOC_STRINGS = YES;
				SWIFT_VERSION = 5.0;
				TARGETED_DEVICE_FAMILY = "1,2";
			};
			name = Debug;
		};
		B07CF7342C771AF7003B1107 /* Release */ = {
			isa = XCBuildConfiguration;
			buildSettings = {
				ASSETCATALOG_COMPILER_APPICON_NAME = AppIcon;
				ASSETCATALOG_COMPILER_GLOBAL_ACCENT_COLOR_NAME = AccentColor;
				CODE_SIGN_STYLE = Automatic;
				CURRENT_PROJECT_VERSION = 1;
				DEVELOPMENT_ASSET_PATHS = "\"ToDoPlaner/Preview Content\"";
				DEVELOPMENT_TEAM = 826QJPL4YZ;
				ENABLE_PREVIEWS = YES;
				GENERATE_INFOPLIST_FILE = YES;
				INFOPLIST_KEY_UIApplicationSceneManifest_Generation = YES;
				INFOPLIST_KEY_UIApplicationSupportsIndirectInputEvents = YES;
				INFOPLIST_KEY_UILaunchScreen_Generation = YES;
				INFOPLIST_KEY_UISupportedInterfaceOrientations_iPad = "UIInterfaceOrientationPortrait UIInterfaceOrientationPortraitUpsideDown UIInterfaceOrientationLandscapeLeft UIInterfaceOrientationLandscapeRight";
				INFOPLIST_KEY_UISupportedInterfaceOrientations_iPhone = "UIInterfaceOrientationPortrait UIInterfaceOrientationLandscapeLeft UIInterfaceOrientationLandscapeRight";
				LD_RUNPATH_SEARCH_PATHS = (
					"$(inherited)",
					"@executable_path/Frameworks",
				);
				MARKETING_VERSION = 1.0;
				PRODUCT_BUNDLE_IDENTIFIER = com.pavel.martynenkov.ToDoPlaner;
				PRODUCT_NAME = "$(TARGET_NAME)";
				SWIFT_EMIT_LOC_STRINGS = YES;
				SWIFT_VERSION = 5.0;
				TARGETED_DEVICE_FAMILY = "1,2";
			};
			name = Release;
		};
		B0AC8AAF2C7CB8EF005C00B0 /* Debug */ = {
			isa = XCBuildConfiguration;
			buildSettings = {
				BUNDLE_LOADER = "$(TEST_HOST)";
				CODE_SIGN_STYLE = Automatic;
				CURRENT_PROJECT_VERSION = 1;
				DEVELOPMENT_TEAM = 826QJPL4YZ;
				GENERATE_INFOPLIST_FILE = YES;
				MARKETING_VERSION = 1.0;
				PRODUCT_BUNDLE_IDENTIFIER = com.pavel.martynenkov.ToDoPlanerTests;
				PRODUCT_NAME = "$(TARGET_NAME)";
				SWIFT_EMIT_LOC_STRINGS = NO;
				SWIFT_VERSION = 5.0;
				TARGETED_DEVICE_FAMILY = "1,2";
				TEST_HOST = "$(BUILT_PRODUCTS_DIR)/ToDoPlaner.app/$(BUNDLE_EXECUTABLE_FOLDER_PATH)/ToDoPlaner";
			};
			name = Debug;
		};
		B0AC8AB02C7CB8EF005C00B0 /* Release */ = {
			isa = XCBuildConfiguration;
			buildSettings = {
				BUNDLE_LOADER = "$(TEST_HOST)";
				CODE_SIGN_STYLE = Automatic;
				CURRENT_PROJECT_VERSION = 1;
				DEVELOPMENT_TEAM = 826QJPL4YZ;
				GENERATE_INFOPLIST_FILE = YES;
				MARKETING_VERSION = 1.0;
				PRODUCT_BUNDLE_IDENTIFIER = com.pavel.martynenkov.ToDoPlanerTests;
				PRODUCT_NAME = "$(TARGET_NAME)";
				SWIFT_EMIT_LOC_STRINGS = NO;
				SWIFT_VERSION = 5.0;
				TARGETED_DEVICE_FAMILY = "1,2";
				TEST_HOST = "$(BUILT_PRODUCTS_DIR)/ToDoPlaner.app/$(BUNDLE_EXECUTABLE_FOLDER_PATH)/ToDoPlaner";
			};
			name = Release;
		};
/* End XCBuildConfiguration section */

/* Begin XCConfigurationList section */
		B07CF71F2C771AF6003B1107 /* Build configuration list for PBXProject "ToDoPlaner" */ = {
			isa = XCConfigurationList;
			buildConfigurations = (
				B07CF7302C771AF7003B1107 /* Debug */,
				B07CF7312C771AF7003B1107 /* Release */,
			);
			defaultConfigurationIsVisible = 0;
			defaultConfigurationName = Release;
		};
		B07CF7322C771AF7003B1107 /* Build configuration list for PBXNativeTarget "ToDoPlaner" */ = {
			isa = XCConfigurationList;
			buildConfigurations = (
				B07CF7332C771AF7003B1107 /* Debug */,
				B07CF7342C771AF7003B1107 /* Release */,
			);
			defaultConfigurationIsVisible = 0;
			defaultConfigurationName = Release;
		};
		B0AC8AB12C7CB8EF005C00B0 /* Build configuration list for PBXNativeTarget "ToDoPlanerTests" */ = {
			isa = XCConfigurationList;
			buildConfigurations = (
				B0AC8AAF2C7CB8EF005C00B0 /* Debug */,
				B0AC8AB02C7CB8EF005C00B0 /* Release */,
			);
			defaultConfigurationIsVisible = 0;
			defaultConfigurationName = Release;
		};
/* End XCConfigurationList section */

/* Begin XCVersionGroup section */
		B07CF7352C772636003B1107 /* ToDoPlaner.xcdatamodeld */ = {
			isa = XCVersionGroup;
			children = (
				B07CF7362C772636003B1107 /* ToDoPlaner.xcdatamodel */,
			);
			currentVersion = B07CF7362C772636003B1107 /* ToDoPlaner.xcdatamodel */;
			name = ToDoPlaner.xcdatamodeld;
			path = "/Users/pavelmartynenkov/Developer/my-personal-prjects/To-Do-Planer/ToDoPlaner/ToDoPlaner/ToDoPlaner.xcdatamodeld";
			sourceTree = "<group>";
			versionGroupType = wrapper.xcdatamodel;
		};
/* End XCVersionGroup section */
	};
	rootObject = B07CF71C2C771AF6003B1107 /* Project object */;
}
